// !$*UTF8*$!
{
	archiveVersion = 1;
	classes = {
	};
	objectVersion = 110;
	objects = {

/* Begin PBXContainerItemProxy section */
		A5E575FA3071E8C5005F6600 /* PBXContainerItemProxy */ = {
			isa = PBXContainerItemProxy;
			containerPortal = A5E575C43071E8C4005F6600 /* Project object */;
			proxyType = 1;
			remoteGlobalIDString = A5E575CB3071E8C4005F6600;
			remoteInfo = ADBMonitor;
		};
/* End PBXContainerItemProxy section */

/* Begin PBXFileReference section */
		A5E575CC3071E8C4005F6600 /* ADBMonitor.app */ = {isa = PBXFileReference; explicitFileType = wrapper.application; includeInIndex = 0; path = ADBMonitor.app; sourceTree = BUILT_PRODUCTS_DIR; };
		A5E575F03071E8C5005F6600 /* ADBMonitorTests.xctest */ = {isa = PBXFileReference; explicitFileType = wrapper.cfbundle; includeInIndex = 0; path = ADBMonitorTests.xctest; sourceTree = BUILT_PRODUCTS_DIR; };
/* End PBXFileReference section */

/* Begin PBXFileSystemSynchronizedRootGroup section */
		A5E575CE3071E8C4005F6600 /* ADBMonitor */ = {
			isa = PBXFileSystemSynchronizedRootGroup;
			path = ADBMonitor;
			sourceTree = "<group>";
		};
		A5E575F13071E8C5005F6600 /* ADBMonitorTests */ = {
			isa = PBXFileSystemSynchronizedRootGroup;
			path = ADBMonitorTests;
			sourceTree = "<group>";
		};
/* End PBXFileSystemSynchronizedRootGroup section */

/* Begin PBXFrameworksBuildPhase section */
		A5E575C93071E8C4005F6600 /* Frameworks */ = {
			isa = PBXFrameworksBuildPhase;
			files = (
			);
		};
		A5E575F43071E8C5005F6600 /* Frameworks */ = {
			isa = PBXFrameworksBuildPhase;
			files = (
			);
		};
/* End PBXFrameworksBuildPhase section */

/* Begin PBXGroup section */
		A5E575C33071E8C4005F6600 = {
			isa = PBXGroup;
			children = (
				A5E575CE3071E8C4005F6600 /* ADBMonitor */,
				A5E575F13071E8C5005F6600 /* ADBMonitorTests */,
				A5E575CD3071E8C4005F6600 /* Products */,
			);
			sourceTree = "<group>";
		};
		A5E575CD3071E8C4005F6600 /* Products */ = {
			isa = PBXGroup;
			children = (
				A5E575CC3071E8C4005F6600 /* ADBMonitor.app */,
				A5E575F03071E8C5005F6600 /* ADBMonitorTests.xctest */,
			);
			name = Products;
			sourceTree = "<group>";
		};
/* End PBXGroup section */

/* Begin PBXNativeTarget section */
		A5E575CB3071E8C4005F6600 /* ADBMonitor */ = {
			isa = PBXNativeTarget;
			buildConfigurationList = A5E575D73071E8C5005F6600 /* Build configuration list for PBXNativeTarget "ADBMonitor" */;
			buildPhases = (
				A5E575C83071E8C4005F6600 /* Sources */,
				A5E575C93071E8C4005F6600 /* Frameworks */,
				A5E575CA3071E8C4005F6600 /* Resources */,
			);
			buildRules = (
			);
			fileSystemSynchronizedGroups = (
				A5E575CE3071E8C4005F6600 /* ADBMonitor */,
			);
			name = ADBMonitor;
			productName = ADBMonitor;
			productReference = A5E575CC3071E8C4005F6600 /* ADBMonitor.app */;
			productType = "com.apple.product-type.application";
		};
		A5E575F23071E8C5005F6600 /* ADBMonitorTests */ = {
			isa = PBXNativeTarget;
			buildConfigurationList = A5E575F63071E8C5005F6600 /* Build configuration list for PBXNativeTarget "ADBMonitorTests" */;
			buildPhases = (
				A5E575F33071E8C5005F6600 /* Sources */,
				A5E575F43071E8C5005F6600 /* Frameworks */,
				A5E575F53071E8C5005F6600 /* Resources */,
			);
			buildRules = (
			);
			dependencies = (
				A5E575F93071E8C5005F6600 /* PBXTargetDependency */,
			);
			fileSystemSynchronizedGroups = (
				A5E575F13071E8C5005F6600 /* ADBMonitorTests */,
			);
			name = ADBMonitorTests;
			productName = ADBMonitorTests;
			productReference = A5E575F03071E8C5005F6600 /* ADBMonitorTests.xctest */;
			productType = "com.apple.product-type.bundle.unit-test";
		};
/* End PBXNativeTarget section */

/* Begin PBXProject section */
		A5E575C43071E8C4005F6600 /* Project object */ = {
			isa = PBXProject;
			attributes = {
				BuildIndependentTargetsInParallel = 1;
				LastSwiftUpdateCheck = 2700;
				LastUpgradeCheck = 2700;
				TargetAttributes = {
					A5E575CB3071E8C4005F6600 = {
						CreatedOnToolsVersion = 27.0;
					};
					A5E575F23071E8C5005F6600 = {
						CreatedOnToolsVersion = 27.0;
						TestTargetID = A5E575CB3071E8C4005F6600;
					};
				};
			};
			buildConfigurationList = A5E575C73071E8C4005F6600 /* Build configuration list for PBXProject "ADBMonitor" */;
			developmentRegion = en;
			hasScannedForEncodings = 0;
			knownRegions = (
				en,
				Base,
			);
			mainGroup = A5E575C33071E8C4005F6600;
			minimizedProjectReferenceProxies = 1;
			preferredProjectObjectVersion = 77;
			productRefGroup = A5E575CD3071E8C4005F6600 /* Products */;
			projectDirPath = "";
			projectRoot = "";
			targets = (
				A5E575CB3071E8C4005F6600 /* ADBMonitor */,
				A5E575F23071E8C5005F6600 /* ADBMonitorTests */,
			);
		};
/* End PBXProject section */

/* Begin PBXResourcesBuildPhase section */
		A5E575CA3071E8C4005F6600 /* Resources */ = {
			isa = PBXResourcesBuildPhase;
			files = (
			);
		};
		A5E575F53071E8C5005F6600 /* Resources */ = {
			isa = PBXResourcesBuildPhase;
			files = (
			);
		};
/* End PBXResourcesBuildPhase section */

/* Begin PBXSourcesBuildPhase section */
		A5E575C83071E8C4005F6600 /* Sources */ = {
			isa = PBXSourcesBuildPhase;
			files = (
			);
		};
		A5E575F33071E8C5005F6600 /* Sources */ = {
			isa = PBXSourcesBuildPhase;
			files = (
			);
		};
/* End PBXSourcesBuildPhase section */

/* Begin PBXTargetDependency section */
		A5E575F93071E8C5005F6600 /* PBXTargetDependency */ = {
			isa = PBXTargetDependency;
			target = A5E575CB3071E8C4005F6600 /* ADBMonitor */;
			targetProxy = A5E575FA3071E8C5005F6600 /* PBXContainerItemProxy */;
		};
/* End PBXTargetDependency section */

/* Begin XCBuildConfiguration section */
		A5E575D53071E8C5005F6600 /* Debug configuration for PBXProject "ADBMonitor" */ = {
			isa = XCBuildConfiguration;
			buildSettings = {
				ALWAYS_SEARCH_USER_PATHS = NO;
				ASSETCATALOG_COMPILER_GENERATE_SWIFT_ASSET_SYMBOL_EXTENSIONS = YES;
				CLANG_ANALYZER_NONNULL = YES;
				CLANG_ANALYZER_NUMBER_OBJECT_CONVERSION = YES_AGGRESSIVE;
				CLANG_CXX_LANGUAGE_STANDARD = "gnu++20";
				CLANG_ENABLE_MODULES = YES;
				CLANG_ENABLE_OBJC_ARC = YES;
				CLANG_ENABLE_OBJC_WEAK = YES;
				CLANG_WARN_BLOCK_CAPTURE_AUTORELEASING = YES;
				CLANG_WARN_BOOL_CONVERSION = YES;
				CLANG_WARN_COMMA = YES;
				CLANG_WARN_CONSTANT_CONVERSION = YES;
				CLANG_WARN_DEPRECATED_OBJC_IMPLEMENTATIONS = YES;
				CLANG_WARN_DIRECT_OBJC_ISA_USAGE = YES_ERROR;
				CLANG_WARN_DOCUMENTATION_COMMENTS = YES;
				CLANG_WARN_EMPTY_BODY = YES;
				CLANG_WARN_ENUM_CONVERSION = YES;
				CLANG_WARN_INFINITE_RECURSION = YES;
				CLANG_WARN_INT_CONVERSION = YES;
				CLANG_WARN_NON_LITERAL_NULL_CONVERSION = YES;
				CLANG_WARN_OBJC_IMPLICIT_RETAIN_SELF = YES;
				CLANG_WARN_OBJC_LITERAL_CONVERSION = YES;
				CLANG_WARN_OBJC_ROOT_CLASS = YES_ERROR;
				CLANG_WARN_QUOTED_INCLUDE_IN_FRAMEWORK_HEADER = YES;
				CLANG_WARN_RANGE_LOOP_ANALYSIS = YES;
				CLANG_WARN_STRICT_PROTOTYPES = YES;
				CLANG_WARN_SUSPICIOUS_MOVE = YES;
				CLANG_WARN_UNGUARDED_AVAILABILITY = YES_AGGRESSIVE;
				CLANG_WARN_UNREACHABLE_CODE = YES;
				CLANG_WARN__DUPLICATE_METHOD_MATCH = YES;
				COPY_PHASE_STRIP = NO;
				DEBUG_INFORMATION_FORMAT = dwarf;
				ENABLE_STRICT_OBJC_MSGSEND = YES;
				ENABLE_TESTABILITY = YES;
				ENABLE_USER_SCRIPT_SANDBOXING = YES;
				GCC_C_LANGUAGE_STANDARD = gnu17;
				GCC_DYNAMIC_NO_PIC = NO;
				GCC_NO_COMMON_BLOCKS = YES;
				GCC_OPTIMIZATION_LEVEL = 0;
				GCC_PREPROCESSOR_DEFINITIONS = (
					"DEBUG=1",
					"$(inherited)",
				);
				GCC_WARN_64_TO_32_BIT_CONVERSION = YES;
				GCC_WARN_ABOUT_RETURN_TYPE = YES_ERROR;
				GCC_WARN_UNDECLARED_SELECTOR = YES;
				GCC_WARN_UNINITIALIZED_AUTOS = YES_AGGRESSIVE;
				GCC_WARN_UNUSED_FUNCTION = YES;
				GCC_WARN_UNUSED_VARIABLE = YES;
				LOCALIZATION_PREFERS_STRING_CATALOGS = YES;
				MACOSX_DEPLOYMENT_TARGET = 12.0;
				MTL_ENABLE_DEBUG_INFO = INCLUDE_SOURCE;
				MTL_FAST_MATH = YES;
				ONLY_ACTIVE_ARCH = YES;
				SDKROOT = macosx;
				SWIFT_ACTIVE_COMPILATION_CONDITIONS = "DEBUG $(inherited)";
				SWIFT_OPTIMIZATION_LEVEL = "-Onone";
			};
			name = Debug;
		};
		A5E575D63071E8C5005F6600 /* Release configuration for PBXProject "ADBMonitor" */ = {
			isa = XCBuildConfiguration;
			buildSettings = {
				ALWAYS_SEARCH_USER_PATHS = NO;
				ASSETCATALOG_COMPILER_GENERATE_SWIFT_ASSET_SYMBOL_EXTENSIONS = YES;
				CLANG_ANALYZER_NONNULL = YES;
				CLANG_ANALYZER_NUMBER_OBJECT_CONVERSION = YES_AGGRESSIVE;
				CLANG_CXX_LANGUAGE_STANDARD = "gnu++20";
				CLANG_ENABLE_MODULES = YES;
				CLANG_ENABLE_OBJC_ARC = YES;
				CLANG_ENABLE_OBJC_WEAK = YES;
				CLANG_WARN_BLOCK_CAPTURE_AUTORELEASING = YES;
				CLANG_WARN_BOOL_CONVERSION = YES;
				CLANG_WARN_COMMA = YES;
				CLANG_WARN_CONSTANT_CONVERSION = YES;
				CLANG_WARN_DEPRECATED_OBJC_IMPLEMENTATIONS = YES;
				CLANG_WARN_DIRECT_OBJC_ISA_USAGE = YES_ERROR;
				CLANG_WARN_DOCUMENTATION_COMMENTS = YES;
				CLANG_WARN_EMPTY_BODY = YES;
				CLANG_WARN_ENUM_CONVERSION = YES;
				CLANG_WARN_INFINITE_RECURSION = YES;
				CLANG_WARN_INT_CONVERSION = YES;
				CLANG_WARN_NON_LITERAL_NULL_CONVERSION = YES;
				CLANG_WARN_OBJC_IMPLICIT_RETAIN_SELF = YES;
				CLANG_WARN_OBJC_LITERAL_CONVERSION = YES;
				CLANG_WARN_OBJC_ROOT_CLASS = YES_ERROR;
				CLANG_WARN_QUOTED_INCLUDE_IN_FRAMEWORK_HEADER = YES;
				CLANG_WARN_RANGE_LOOP_ANALYSIS = YES;
				CLANG_WARN_STRICT_PROTOTYPES = YES;
				CLANG_WARN_SUSPICIOUS_MOVE = YES;
				CLANG_WARN_UNGUARDED_AVAILABILITY = YES_AGGRESSIVE;
				CLANG_WARN_UNREACHABLE_CODE = YES;
				CLANG_WARN__DUPLICATE_METHOD_MATCH = YES;
				COPY_PHASE_STRIP = NO;
				DEBUG_INFORMATION_FORMAT = "dwarf-with-dsym";
				ENABLE_NS_ASSERTIONS = NO;
				ENABLE_STRICT_OBJC_MSGSEND = YES;
				ENABLE_USER_SCRIPT_SANDBOXING = YES;
				GCC_C_LANGUAGE_STANDARD = gnu17;
				GCC_NO_COMMON_BLOCKS = YES;
				GCC_WARN_64_TO_32_BIT_CONVERSION = YES;
				GCC_WARN_ABOUT_RETURN_TYPE = YES_ERROR;
				GCC_WARN_UNDECLARED_SELECTOR = YES;
				GCC_WARN_UNINITIALIZED_AUTOS = YES_AGGRESSIVE;
				GCC_WARN_UNUSED_FUNCTION = YES;
				GCC_WARN_UNUSED_VARIABLE = YES;
				LOCALIZATION_PREFERS_STRING_CATALOGS = YES;
				MACOSX_DEPLOYMENT_TARGET = 12.0;
				MTL_ENABLE_DEBUG_INFO = NO;
				MTL_FAST_MATH = YES;
				SDKROOT = macosx;
				SWIFT_COMPILATION_MODE = wholemodule;
			};
			name = Release;
		};
		A5E575D83071E8C5005F6600 /* Debug configuration for PBXNativeTarget "ADBMonitor" */ = {
			isa = XCBuildConfiguration;
			buildSettings = {
				ASSETCATALOG_COMPILER_APPICON_NAME = AppIcon;
				ASSETCATALOG_COMPILER_GLOBAL_ACCENT_COLOR_NAME = AccentColor;
				CODE_SIGN_STYLE = Automatic;
				COMBINE_HIDPI_IMAGES = YES;
				CURRENT_PROJECT_VERSION = 1;
				ENABLE_APP_SANDBOX = NO;
				GENERATE_INFOPLIST_FILE = YES;
				INFOPLIST_KEY_LSUIElement = YES;
				INFOPLIST_KEY_NSHumanReadableCopyright = "";
				INFOPLIST_KEY_NSPrincipalClass = NSApplication;
				LD_RUNPATH_SEARCH_PATHS = (
					"$(inherited)",
					"@executable_path/../Frameworks",
				);
				MARKETING_VERSION = 1.0;
				PRODUCT_BUNDLE_IDENTIFIER = com.mories.adb.ADBMonitor;
				PRODUCT_NAME = "$(TARGET_NAME)";
				REGISTER_APP_GROUPS = YES;
				STRING_CATALOG_GENERATE_SYMBOLS = YES;
				SWIFT_EMIT_LOC_STRINGS = YES;
				SWIFT_UPCOMING_FEATURE_MEMBER_IMPORT_VISIBILITY = YES;
				SWIFT_VERSION = 5.0;
			};
			name = Debug;
		};
		A5E575D93071E8C5005F6600 /* Release configuration for PBXNativeTarget "ADBMonitor" */ = {
			isa = XCBuildConfiguration;
			buildSettings = {
				ASSETCATALOG_COMPILER_APPICON_NAME = AppIcon;
				ASSETCATALOG_COMPILER_GLOBAL_ACCENT_COLOR_NAME = AccentColor;
				CODE_SIGN_STYLE = Automatic;
				COMBINE_HIDPI_IMAGES = YES;
				CURRENT_PROJECT_VERSION = 1;
				ENABLE_APP_SANDBOX = NO;
				GENERATE_INFOPLIST_FILE = YES;
				INFOPLIST_KEY_LSUIElement = YES;
				INFOPLIST_KEY_NSHumanReadableCopyright = "";
				INFOPLIST_KEY_NSPrincipalClass = NSApplication;
				LD_RUNPATH_SEARCH_PATHS = (
					"$(inherited)",
					"@executable_path/../Frameworks",
				);
				MARKETING_VERSION = 1.0;
				PRODUCT_BUNDLE_IDENTIFIER = com.mories.adb.ADBMonitor;
				PRODUCT_NAME = "$(TARGET_NAME)";
				REGISTER_APP_GROUPS = YES;
				STRING_CATALOG_GENERATE_SYMBOLS = YES;
				SWIFT_EMIT_LOC_STRINGS = YES;
				SWIFT_UPCOMING_FEATURE_MEMBER_IMPORT_VISIBILITY = YES;
				SWIFT_VERSION = 5.0;
			};
			name = Release;
		};
		A5E575F73071E8C5005F6600 /* Debug configuration for PBXNativeTarget "ADBMonitorTests" */ = {
			isa = XCBuildConfiguration;
			buildSettings = {
				BUNDLE_LOADER = "$(TEST_HOST)";
				CODE_SIGN_STYLE = Automatic;
				CURRENT_PROJECT_VERSION = 1;
				GENERATE_INFOPLIST_FILE = YES;
				MACOSX_DEPLOYMENT_TARGET = 14.0;
				MARKETING_VERSION = 1.0;
				PRODUCT_BUNDLE_IDENTIFIER = com.mories.adb.ADBMonitorTests;
				PRODUCT_NAME = "$(TARGET_NAME)";
				SWIFT_EMIT_LOC_STRINGS = NO;
				SWIFT_VERSION = 5.0;
				TEST_HOST = "$(BUILT_PRODUCTS_DIR)/ADBMonitor.app/$(BUNDLE_EXECUTABLE_FOLDER_PATH)/ADBMonitor";
			};
			name = Debug;
		};
		A5E575F83071E8C5005F6600 /* Release configuration for PBXNativeTarget "ADBMonitorTests" */ = {
			isa = XCBuildConfiguration;
			buildSettings = {
				BUNDLE_LOADER = "$(TEST_HOST)";
				CODE_SIGN_STYLE = Automatic;
				CURRENT_PROJECT_VERSION = 1;
				GENERATE_INFOPLIST_FILE = YES;
				MACOSX_DEPLOYMENT_TARGET = 14.0;
				MARKETING_VERSION = 1.0;
				PRODUCT_BUNDLE_IDENTIFIER = com.mories.adb.ADBMonitorTests;
				PRODUCT_NAME = "$(TARGET_NAME)";
				SWIFT_EMIT_LOC_STRINGS = NO;
				SWIFT_VERSION = 5.0;
				TEST_HOST = "$(BUILT_PRODUCTS_DIR)/ADBMonitor.app/$(BUNDLE_EXECUTABLE_FOLDER_PATH)/ADBMonitor";
			};
			name = Release;
		};
/* End XCBuildConfiguration section */

/* Begin XCConfigurationList section */
		A5E575C73071E8C4005F6600 /* Build configuration list for PBXProject "ADBMonitor" */ = {
			isa = XCConfigurationList;
			buildConfigurations = (
				A5E575D53071E8C5005F6600 /* Debug configuration for PBXProject "ADBMonitor" */,
				A5E575D63071E8C5005F6600 /* Release configuration for PBXProject "ADBMonitor" */,
			);
			defaultConfigurationName = Release;
		};
		A5E575D73071E8C5005F6600 /* Build configuration list for PBXNativeTarget "ADBMonitor" */ = {
			isa = XCConfigurationList;
			buildConfigurations = (
				A5E575D83071E8C5005F6600 /* Debug configuration for PBXNativeTarget "ADBMonitor" */,
				A5E575D93071E8C5005F6600 /* Release configuration for PBXNativeTarget "ADBMonitor" */,
			);
			defaultConfigurationName = Release;
		};
		A5E575F63071E8C5005F6600 /* Build configuration list for PBXNativeTarget "ADBMonitorTests" */ = {
			isa = XCConfigurationList;
			buildConfigurations = (
				A5E575F73071E8C5005F6600 /* Debug configuration for PBXNativeTarget "ADBMonitorTests" */,
				A5E575F83071E8C5005F6600 /* Release configuration for PBXNativeTarget "ADBMonitorTests" */,
			);
			defaultConfigurationName = Release;
		};
/* End XCConfigurationList section */
	};
	rootObject = A5E575C43071E8C4005F6600 /* Project object */;
	validationLevel = 1;
}
